// !$*UTF8*$!
{
	archiveVersion = 1;
	classes = {
	};
	objectVersion = 56;
	objects = {

/* Begin PBXBuildFile section */
		D70398F72C4E49260039F0CC /* ScalingRowView.swift in Sources */ = {isa = PBXBuildFile; fileRef = D70398F62C4E49260039F0CC /* ScalingRowView.swift */; };
		D70398F82C4E7A0C0039F0CC /* elementScaling.json in Resources */ = {isa = PBXBuildFile; fileRef = D7D4AAE22C3FF5A0005C5D42 /* elementScaling.json */; };
		D707072A2C578540004615C0 /* Character.swift in Sources */ = {isa = PBXBuildFile; fileRef = D70707292C578540004615C0 /* Character.swift */; };
		D707072B2C578540004615C0 /* Character.swift in Sources */ = {isa = PBXBuildFile; fileRef = D70707292C578540004615C0 /* Character.swift */; };
		D707072D2C57947A004615C0 /* characterClasses.json in Resources */ = {isa = PBXBuildFile; fileRef = D707072C2C57947A004615C0 /* characterClasses.json */; };
		D707072E2C57947A004615C0 /* characterClasses.json in Resources */ = {isa = PBXBuildFile; fileRef = D707072C2C57947A004615C0 /* characterClasses.json */; };
		D70707302C57B334004615C0 /* CharacterClassRowView.swift in Sources */ = {isa = PBXBuildFile; fileRef = D707072F2C57B334004615C0 /* CharacterClassRowView.swift */; };
		D70707352C57CBDF004615C0 /* WeaponUpgrade.swift in Sources */ = {isa = PBXBuildFile; fileRef = D70707332C57CBD7004615C0 /* WeaponUpgrade.swift */; };
		D70707362C57CBE0004615C0 /* WeaponUpgrade.swift in Sources */ = {isa = PBXBuildFile; fileRef = D70707332C57CBD7004615C0 /* WeaponUpgrade.swift */; };
		D70707382C57CC2E004615C0 /* ElementScaling.swift in Sources */ = {isa = PBXBuildFile; fileRef = D70707372C57CC2E004615C0 /* ElementScaling.swift */; };
		D70707392C57CC2E004615C0 /* ElementScaling.swift in Sources */ = {isa = PBXBuildFile; fileRef = D70707372C57CC2E004615C0 /* ElementScaling.swift */; };
		D707073B2C57CC65004615C0 /* CalcCorrectGraph.swift in Sources */ = {isa = PBXBuildFile; fileRef = D707073A2C57CC65004615C0 /* CalcCorrectGraph.swift */; };
		D707073C2C57CC65004615C0 /* CalcCorrectGraph.swift in Sources */ = {isa = PBXBuildFile; fileRef = D707073A2C57CC65004615C0 /* CalcCorrectGraph.swift */; };
		D7342C112C3E7A2C00ED31EC /* UpgradesRowView.swift in Sources */ = {isa = PBXBuildFile; fileRef = D7342C102C3E7A2C00ED31EC /* UpgradesRowView.swift */; };
		D7A612DE2C2964550044A097 /* CreateDataApp.swift in Sources */ = {isa = PBXBuildFile; fileRef = D7A612DD2C2964550044A097 /* CreateDataApp.swift */; };
		D7A612E02C2964550044A097 /* CreateWeaponsView.swift in Sources */ = {isa = PBXBuildFile; fileRef = D7A612DF2C2964550044A097 /* CreateWeaponsView.swift */; };
		D7A612E22C2964560044A097 /* Assets.xcassets in Resources */ = {isa = PBXBuildFile; fileRef = D7A612E12C2964560044A097 /* Assets.xcassets */; };
		D7A612E52C2964560044A097 /* Preview Assets.xcassets in Resources */ = {isa = PBXBuildFile; fileRef = D7A612E42C2964560044A097 /* Preview Assets.xcassets */; };
		D7A612F12C29649C0044A097 /* LoadDataApp.swift in Sources */ = {isa = PBXBuildFile; fileRef = D7A612F02C29649C0044A097 /* LoadDataApp.swift */; };
		D7A612F32C29649C0044A097 /* ListsView.swift in Sources */ = {isa = PBXBuildFile; fileRef = D7A612F22C29649C0044A097 /* ListsView.swift */; };
		D7A612F52C29649E0044A097 /* Assets.xcassets in Resources */ = {isa = PBXBuildFile; fileRef = D7A612F42C29649E0044A097 /* Assets.xcassets */; };
		D7A612F82C29649E0044A097 /* Preview Assets.xcassets in Resources */ = {isa = PBXBuildFile; fileRef = D7A612F72C29649E0044A097 /* Preview Assets.xcassets */; };
		D7A612FE2C2976750044A097 /* Weapon.swift in Sources */ = {isa = PBXBuildFile; fileRef = D7A612FD2C2976750044A097 /* Weapon.swift */; };
		D7A612FF2C29767F0044A097 /* Weapon.swift in Sources */ = {isa = PBXBuildFile; fileRef = D7A612FD2C2976750044A097 /* Weapon.swift */; };
		D7A613012C2976B10044A097 /* Utils.swift in Sources */ = {isa = PBXBuildFile; fileRef = D7A613002C2976B10044A097 /* Utils.swift */; };
		D7A613042C2978440044A097 /* WeaponRowView.swift in Sources */ = {isa = PBXBuildFile; fileRef = D7A613032C2978440044A097 /* WeaponRowView.swift */; };
		D7A613072C297CA60044A097 /* weaponAffinities.json in Resources */ = {isa = PBXBuildFile; fileRef = D7A613052C297CA60044A097 /* weaponAffinities.json */; };
		D7A613092C297CA60044A097 /* weapons.json in Resources */ = {isa = PBXBuildFile; fileRef = D7A613062C297CA60044A097 /* weapons.json */; };
		D7A6130F2C2983C60044A097 /* Environments.swift in Sources */ = {isa = PBXBuildFile; fileRef = D7A6130E2C2983C60044A097 /* Environments.swift */; };
		D7A613102C2983C60044A097 /* Environments.swift in Sources */ = {isa = PBXBuildFile; fileRef = D7A6130E2C2983C60044A097 /* Environments.swift */; };
		D7A613112C2984160044A097 /* Utils.swift in Sources */ = {isa = PBXBuildFile; fileRef = D7A613002C2976B10044A097 /* Utils.swift */; };
		D7BB5C4D2C29881C0072A26F /* temp.store in Resources */ = {isa = PBXBuildFile; fileRef = D7BB5C4C2C29881C0072A26F /* temp.store */; };
		D7C5D6E02C52A139002A8FE5 /* CorrectGraphRowView.swift in Sources */ = {isa = PBXBuildFile; fileRef = D7C5D6DF2C52A139002A8FE5 /* CorrectGraphRowView.swift */; };
		D7D940FC2C36BE7800500674 /* weaponUpgrades.json in Resources */ = {isa = PBXBuildFile; fileRef = D7D940FB2C36BE7800500674 /* weaponUpgrades.json */; };
		D7E541292C4EA22800C16037 /* calcCorrectGraph.json in Resources */ = {isa = PBXBuildFile; fileRef = D7E541272C4EA1F800C16037 /* calcCorrectGraph.json */; };
/* End PBXBuildFile section */

/* Begin PBXFileReference section */
		D70398F62C4E49260039F0CC /* ScalingRowView.swift */ = {isa = PBXFileReference; lastKnownFileType = sourcecode.swift; path = ScalingRowView.swift; sourceTree = "<group>"; };
		D70707292C578540004615C0 /* Character.swift */ = {isa = PBXFileReference; lastKnownFileType = sourcecode.swift; path = Character.swift; sourceTree = "<group>"; };
		D707072C2C57947A004615C0 /* characterClasses.json */ = {isa = PBXFileReference; fileEncoding = 4; lastKnownFileType = text.json; path = characterClasses.json; sourceTree = "<group>"; };
		D707072F2C57B334004615C0 /* CharacterClassRowView.swift */ = {isa = PBXFileReference; lastKnownFileType = sourcecode.swift; path = CharacterClassRowView.swift; sourceTree = "<group>"; };
		D70707332C57CBD7004615C0 /* WeaponUpgrade.swift */ = {isa = PBXFileReference; lastKnownFileType = sourcecode.swift; path = WeaponUpgrade.swift; sourceTree = "<group>"; };
		D70707372C57CC2E004615C0 /* ElementScaling.swift */ = {isa = PBXFileReference; lastKnownFileType = sourcecode.swift; path = ElementScaling.swift; sourceTree = "<group>"; };
		D707073A2C57CC65004615C0 /* CalcCorrectGraph.swift */ = {isa = PBXFileReference; lastKnownFileType = sourcecode.swift; path = CalcCorrectGraph.swift; sourceTree = "<group>"; };
		D7342C102C3E7A2C00ED31EC /* UpgradesRowView.swift */ = {isa = PBXFileReference; lastKnownFileType = sourcecode.swift; path = UpgradesRowView.swift; sourceTree = "<group>"; };
		D7A612DB2C2964550044A097 /* CreateData.app */ = {isa = PBXFileReference; explicitFileType = wrapper.application; includeInIndex = 0; path = CreateData.app; sourceTree = BUILT_PRODUCTS_DIR; };
		D7A612DD2C2964550044A097 /* CreateDataApp.swift */ = {isa = PBXFileReference; lastKnownFileType = sourcecode.swift; path = CreateDataApp.swift; sourceTree = "<group>"; };
		D7A612DF2C2964550044A097 /* CreateWeaponsView.swift */ = {isa = PBXFileReference; lastKnownFileType = sourcecode.swift; path = CreateWeaponsView.swift; sourceTree = "<group>"; };
		D7A612E12C2964560044A097 /* Assets.xcassets */ = {isa = PBXFileReference; lastKnownFileType = folder.assetcatalog; path = Assets.xcassets; sourceTree = "<group>"; };
		D7A612E42C2964560044A097 /* Preview Assets.xcassets */ = {isa = PBXFileReference; lastKnownFileType = folder.assetcatalog; path = "Preview Assets.xcassets"; sourceTree = "<group>"; };
		D7A612E62C2964560044A097 /* CreateData.entitlements */ = {isa = PBXFileReference; lastKnownFileType = text.plist.entitlements; path = CreateData.entitlements; sourceTree = "<group>"; };
		D7A612EE2C29649C0044A097 /* LoadData.app */ = {isa = PBXFileReference; explicitFileType = wrapper.application; includeInIndex = 0; path = LoadData.app; sourceTree = BUILT_PRODUCTS_DIR; };
		D7A612F02C29649C0044A097 /* LoadDataApp.swift */ = {isa = PBXFileReference; lastKnownFileType = sourcecode.swift; path = LoadDataApp.swift; sourceTree = "<group>"; };
		D7A612F22C29649C0044A097 /* ListsView.swift */ = {isa = PBXFileReference; lastKnownFileType = sourcecode.swift; path = ListsView.swift; sourceTree = "<group>"; };
		D7A612F42C29649E0044A097 /* Assets.xcassets */ = {isa = PBXFileReference; lastKnownFileType = folder.assetcatalog; path = Assets.xcassets; sourceTree = "<group>"; };
		D7A612F72C29649E0044A097 /* Preview Assets.xcassets */ = {isa = PBXFileReference; lastKnownFileType = folder.assetcatalog; path = "Preview Assets.xcassets"; sourceTree = "<group>"; };
		D7A612FD2C2976750044A097 /* Weapon.swift */ = {isa = PBXFileReference; lastKnownFileType = sourcecode.swift; path = Weapon.swift; sourceTree = "<group>"; };
		D7A613002C2976B10044A097 /* Utils.swift */ = {isa = PBXFileReference; lastKnownFileType = sourcecode.swift; path = Utils.swift; sourceTree = "<group>"; };
		D7A613032C2978440044A097 /* WeaponRowView.swift */ = {isa = PBXFileReference; lastKnownFileType = sourcecode.swift; path = WeaponRowView.swift; sourceTree = "<group>"; };
		D7A613052C297CA60044A097 /* weaponAffinities.json */ = {isa = PBXFileReference; fileEncoding = 4; lastKnownFileType = text.json; path = weaponAffinities.json; sourceTree = "<group>"; };
		D7A613062C297CA60044A097 /* weapons.json */ = {isa = PBXFileReference; fileEncoding = 4; lastKnownFileType = text.json; path = weapons.json; sourceTree = "<group>"; };
		D7A6130E2C2983C60044A097 /* Environments.swift */ = {isa = PBXFileReference; lastKnownFileType = sourcecode.swift; path = Environments.swift; sourceTree = "<group>"; };
		D7BB5C4C2C29881C0072A26F /* temp.store */ = {isa = PBXFileReference; lastKnownFileType = file; path = temp.store; sourceTree = "<group>"; };
		D7C5D6DF2C52A139002A8FE5 /* CorrectGraphRowView.swift */ = {isa = PBXFileReference; lastKnownFileType = sourcecode.swift; path = CorrectGraphRowView.swift; sourceTree = "<group>"; };
		D7D4AAE22C3FF5A0005C5D42 /* elementScaling.json */ = {isa = PBXFileReference; lastKnownFileType = text.json; path = elementScaling.json; sourceTree = "<group>"; };
		D7D940FB2C36BE7800500674 /* weaponUpgrades.json */ = {isa = PBXFileReference; fileEncoding = 4; lastKnownFileType = text.json; path = weaponUpgrades.json; sourceTree = "<group>"; };
		D7E541272C4EA1F800C16037 /* calcCorrectGraph.json */ = {isa = PBXFileReference; lastKnownFileType = text.json; path = calcCorrectGraph.json; sourceTree = "<group>"; };
/* End PBXFileReference section */

/* Begin PBXFrameworksBuildPhase section */
		D7A612D82C2964550044A097 /* Frameworks */ = {
			isa = PBXFrameworksBuildPhase;
			buildActionMask = 2147483647;
			files = (
			);
			runOnlyForDeploymentPostprocessing = 0;
		};
		D7A612EB2C29649C0044A097 /* Frameworks */ = {
			isa = PBXFrameworksBuildPhase;
			buildActionMask = 2147483647;
			files = (
			);
			runOnlyForDeploymentPostprocessing = 0;
		};
/* End PBXFrameworksBuildPhase section */

/* Begin PBXGroup section */
		D70707312C57CB5D004615C0 /* Data */ = {
			isa = PBXGroup;
			children = (
				D707072C2C57947A004615C0 /* characterClasses.json */,
				D7D940FB2C36BE7800500674 /* weaponUpgrades.json */,
				D7A613052C297CA60044A097 /* weaponAffinities.json */,
				D7A613062C297CA60044A097 /* weapons.json */,
				D7D4AAE22C3FF5A0005C5D42 /* elementScaling.json */,
				D7E541272C4EA1F800C16037 /* calcCorrectGraph.json */,
			);
			path = Data;
			sourceTree = "<group>";
		};
		D70707322C57CB66004615C0 /* Model */ = {
			isa = PBXGroup;
			children = (
				D7A612FD2C2976750044A097 /* Weapon.swift */,
				D70707332C57CBD7004615C0 /* WeaponUpgrade.swift */,
				D70707372C57CC2E004615C0 /* ElementScaling.swift */,
				D707073A2C57CC65004615C0 /* CalcCorrectGraph.swift */,
				D70707292C578540004615C0 /* Character.swift */,
			);
			path = Model;
			sourceTree = "<group>";
		};
		D7A612BC2C2964350044A097 = {
			isa = PBXGroup;
			children = (
				D7A612FC2C2964B70044A097 /* Shared */,
				D7A612DC2C2964550044A097 /* CreateData */,
				D7A612EF2C29649C0044A097 /* LoadData */,
				D7A612C62C2964350044A097 /* Products */,
			);
			sourceTree = "<group>";
		};
		D7A612C62C2964350044A097 /* Products */ = {
			isa = PBXGroup;
			children = (
				D7A612DB2C2964550044A097 /* CreateData.app */,
				D7A612EE2C29649C0044A097 /* LoadData.app */,
			);
			name = Products;
			sourceTree = "<group>";
		};
		D7A612DC2C2964550044A097 /* CreateData */ = {
			isa = PBXGroup;
			children = (
				D7A612DD2C2964550044A097 /* CreateDataApp.swift */,
				D7A612DF2C2964550044A097 /* CreateWeaponsView.swift */,
				D7A612E12C2964560044A097 /* Assets.xcassets */,
				D7A612E62C2964560044A097 /* CreateData.entitlements */,
				D7A612E32C2964560044A097 /* Preview Content */,
			);
			path = CreateData;
			sourceTree = "<group>";
		};
		D7A612E32C2964560044A097 /* Preview Content */ = {
			isa = PBXGroup;
			children = (
				D7A612E42C2964560044A097 /* Preview Assets.xcassets */,
			);
			path = "Preview Content";
			sourceTree = "<group>";
		};
		D7A612EF2C29649C0044A097 /* LoadData */ = {
			isa = PBXGroup;
			children = (
				D7A613022C29778F0044A097 /* Data */,
				D7A612F02C29649C0044A097 /* LoadDataApp.swift */,
				D7A6130E2C2983C60044A097 /* Environments.swift */,
				D7A612F22C29649C0044A097 /* ListsView.swift */,
				D7A613032C2978440044A097 /* WeaponRowView.swift */,
				D7342C102C3E7A2C00ED31EC /* UpgradesRowView.swift */,
				D70398F62C4E49260039F0CC /* ScalingRowView.swift */,
				D7C5D6DF2C52A139002A8FE5 /* CorrectGraphRowView.swift */,
				D707072F2C57B334004615C0 /* CharacterClassRowView.swift */,
				D7A612F42C29649E0044A097 /* Assets.xcassets */,
				D7A612F62C29649E0044A097 /* Preview Content */,
			);
			path = LoadData;
			sourceTree = "<group>";
		};
		D7A612F62C29649E0044A097 /* Preview Content */ = {
			isa = PBXGroup;
			children = (
				D7A612F72C29649E0044A097 /* Preview Assets.xcassets */,
			);
			path = "Preview Content";
			sourceTree = "<group>";
		};
		D7A612FC2C2964B70044A097 /* Shared */ = {
			isa = PBXGroup;
			children = (
				D70707322C57CB66004615C0 /* Model */,
				D70707312C57CB5D004615C0 /* Data */,
				D7A613002C2976B10044A097 /* Utils.swift */,
			);
			path = Shared;
			sourceTree = "<group>";
		};
		D7A613022C29778F0044A097 /* Data */ = {
			isa = PBXGroup;
			children = (
				D7BB5C4C2C29881C0072A26F /* temp.store */,
			);
			path = Data;
			sourceTree = "<group>";
		};
/* End PBXGroup section */

/* Begin PBXNativeTarget section */
		D7A612DA2C2964550044A097 /* CreateData */ = {
			isa = PBXNativeTarget;
			buildConfigurationList = D7A612E72C2964560044A097 /* Build configuration list for PBXNativeTarget "CreateData" */;
			buildPhases = (
				D7A612D72C2964550044A097 /* Sources */,
				D7A612D82C2964550044A097 /* Frameworks */,
				D7A612D92C2964550044A097 /* Resources */,
			);
			buildRules = (
			);
			dependencies = (
			);
			name = CreateData;
			productName = CreateData;
			productReference = D7A612DB2C2964550044A097 /* CreateData.app */;
			productType = "com.apple.product-type.application";
		};
		D7A612ED2C29649C0044A097 /* LoadData */ = {
			isa = PBXNativeTarget;
			buildConfigurationList = D7A612F92C29649E0044A097 /* Build configuration list for PBXNativeTarget "LoadData" */;
			buildPhases = (
				D7A612EA2C29649C0044A097 /* Sources */,
				D7A612EB2C29649C0044A097 /* Frameworks */,
				D7A612EC2C29649C0044A097 /* Resources */,
			);
			buildRules = (
			);
			dependencies = (
			);
			name = LoadData;
			productName = LoadData;
			productReference = D7A612EE2C29649C0044A097 /* LoadData.app */;
			productType = "com.apple.product-type.application";
		};
/* End PBXNativeTarget section */

/* Begin PBXProject section */
		D7A612BD2C2964350044A097 /* Project object */ = {
			isa = PBXProject;
			attributes = {
				BuildIndependentTargetsInParallel = 1;
				LastSwiftUpdateCheck = 1530;
				LastUpgradeCheck = 1530;
				TargetAttributes = {
					D7A612DA2C2964550044A097 = {
						CreatedOnToolsVersion = 15.3;
					};
					D7A612ED2C29649C0044A097 = {
						CreatedOnToolsVersion = 15.3;
					};
				};
			};
			buildConfigurationList = D7A612C02C2964350044A097 /* Build configuration list for PBXProject "ERSwiftDataLoader" */;
			compatibilityVersion = "Xcode 14.0";
			developmentRegion = en;
			hasScannedForEncodings = 0;
			knownRegions = (
				en,
				Base,
			);
			mainGroup = D7A612BC2C2964350044A097;
			productRefGroup = D7A612C62C2964350044A097 /* Products */;
			projectDirPath = "";
			projectRoot = "";
			targets = (
				D7A612DA2C2964550044A097 /* CreateData */,
				D7A612ED2C29649C0044A097 /* LoadData */,
			);
		};
/* End PBXProject section */

/* Begin PBXResourcesBuildPhase section */
		D7A612D92C2964550044A097 /* Resources */ = {
			isa = PBXResourcesBuildPhase;
			buildActionMask = 2147483647;
			files = (
				D7E541292C4EA22800C16037 /* calcCorrectGraph.json in Resources */,
				D70398F82C4E7A0C0039F0CC /* elementScaling.json in Resources */,
				D707072D2C57947A004615C0 /* characterClasses.json in Resources */,
				D7A612E52C2964560044A097 /* Preview Assets.xcassets in Resources */,
				D7A613092C297CA60044A097 /* weapons.json in Resources */,
				D7A612E22C2964560044A097 /* Assets.xcassets in Resources */,
				D7A613072C297CA60044A097 /* weaponAffinities.json in Resources */,
				D7D940FC2C36BE7800500674 /* weaponUpgrades.json in Resources */,
			);
			runOnlyForDeploymentPostprocessing = 0;
		};
		D7A612EC2C29649C0044A097 /* Resources */ = {
			isa = PBXResourcesBuildPhase;
			buildActionMask = 2147483647;
			files = (
				D7A612F82C29649E0044A097 /* Preview Assets.xcassets in Resources */,
				D7A612F52C29649E0044A097 /* Assets.xcassets in Resources */,
				D707072E2C57947A004615C0 /* characterClasses.json in Resources */,
				D7BB5C4D2C29881C0072A26F /* temp.store in Resources */,
			);
			runOnlyForDeploymentPostprocessing = 0;
		};
/* End PBXResourcesBuildPhase section */

/* Begin PBXSourcesBuildPhase section */
		D7A612D72C2964550044A097 /* Sources */ = {
			isa = PBXSourcesBuildPhase;
			buildActionMask = 2147483647;
			files = (
				D7A612E02C2964550044A097 /* CreateWeaponsView.swift in Sources */,
				D7A612DE2C2964550044A097 /* CreateDataApp.swift in Sources */,
				D70707382C57CC2E004615C0 /* ElementScaling.swift in Sources */,
				D7A612FE2C2976750044A097 /* Weapon.swift in Sources */,
				D70707352C57CBDF004615C0 /* WeaponUpgrade.swift in Sources */,
				D707072A2C578540004615C0 /* Character.swift in Sources */,
				D7A6130F2C2983C60044A097 /* Environments.swift in Sources */,
				D7A613012C2976B10044A097 /* Utils.swift in Sources */,
				D707073B2C57CC65004615C0 /* CalcCorrectGraph.swift in Sources */,
			);
			runOnlyForDeploymentPostprocessing = 0;
		};
		D7A612EA2C29649C0044A097 /* Sources */ = {
			isa = PBXSourcesBuildPhase;
			buildActionMask = 2147483647;
			files = (
				D707073C2C57CC65004615C0 /* CalcCorrectGraph.swift in Sources */,
				D70707362C57CBE0004615C0 /* WeaponUpgrade.swift in Sources */,
				D7342C112C3E7A2C00ED31EC /* UpgradesRowView.swift in Sources */,
				D7A612F32C29649C0044A097 /* ListsView.swift in Sources */,
				D7C5D6E02C52A139002A8FE5 /* CorrectGraphRowView.swift in Sources */,
				D7A612F12C29649C0044A097 /* LoadDataApp.swift in Sources */,
				D70707392C57CC2E004615C0 /* ElementScaling.swift in Sources */,
				D70398F72C4E49260039F0CC /* ScalingRowView.swift in Sources */,
				D7A612FF2C29767F0044A097 /* Weapon.swift in Sources */,
				D7A613102C2983C60044A097 /* Environments.swift in Sources */,
				D707072B2C578540004615C0 /* Character.swift in Sources */,
				D7A613042C2978440044A097 /* WeaponRowView.swift in Sources */,
				D7A613112C2984160044A097 /* Utils.swift in Sources */,
				D70707302C57B334004615C0 /* CharacterClassRowView.swift in Sources */,
			);
			runOnlyForDeploymentPostprocessing = 0;
		};
/* End PBXSourcesBuildPhase section */

/* Begin XCBuildConfiguration section */
		D7A612D22C2964370044A097 /* Debug */ = {
			isa = XCBuildConfiguration;
			buildSettings = {
				ALWAYS_SEARCH_USER_PATHS = NO;
				ASSETCATALOG_COMPILER_GENERATE_SWIFT_ASSET_SYMBOL_EXTENSIONS = YES;
				CLANG_ANALYZER_NONNULL = YES;
				CLANG_ANALYZER_NUMBER_OBJECT_CONVERSION = YES_AGGRESSIVE;
				CLANG_CXX_LANGUAGE_STANDARD = "gnu++20";
				CLANG_ENABLE_MODULES = YES;
				CLANG_ENABLE_OBJC_ARC = YES;
				CLANG_ENABLE_OBJC_WEAK = YES;
				CLANG_WARN_BLOCK_CAPTURE_AUTORELEASING = YES;
				CLANG_WARN_BOOL_CONVERSION = YES;
				CLANG_WARN_COMMA = YES;
				CLANG_WARN_CONSTANT_CONVERSION = YES;
				CLANG_WARN_DEPRECATED_OBJC_IMPLEMENTATIONS = YES;
				CLANG_WARN_DIRECT_OBJC_ISA_USAGE = YES_ERROR;
				CLANG_WARN_DOCUMENTATION_COMMENTS = YES;
				CLANG_WARN_EMPTY_BODY = YES;
				CLANG_WARN_ENUM_CONVERSION = YES;
				CLANG_WARN_INFINITE_RECURSION = YES;
				CLANG_WARN_INT_CONVERSION = YES;
				CLANG_WARN_NON_LITERAL_NULL_CONVERSION = YES;
				CLANG_WARN_OBJC_IMPLICIT_RETAIN_SELF = YES;
				CLANG_WARN_OBJC_LITERAL_CONVERSION = YES;
				CLANG_WARN_OBJC_ROOT_CLASS = YES_ERROR;
				CLANG_WARN_QUOTED_INCLUDE_IN_FRAMEWORK_HEADER = YES;
				CLANG_WARN_RANGE_LOOP_ANALYSIS = YES;
				CLANG_WARN_STRICT_PROTOTYPES = YES;
				CLANG_WARN_SUSPICIOUS_MOVE = YES;
				CLANG_WARN_UNGUARDED_AVAILABILITY = YES_AGGRESSIVE;
				CLANG_WARN_UNREACHABLE_CODE = YES;
				CLANG_WARN__DUPLICATE_METHOD_MATCH = YES;
				COPY_PHASE_STRIP = NO;
				DEBUG_INFORMATION_FORMAT = dwarf;
				ENABLE_STRICT_OBJC_MSGSEND = YES;
				ENABLE_TESTABILITY = YES;
				ENABLE_USER_SCRIPT_SANDBOXING = YES;
				GCC_C_LANGUAGE_STANDARD = gnu17;
				GCC_DYNAMIC_NO_PIC = NO;
				GCC_NO_COMMON_BLOCKS = YES;
				GCC_OPTIMIZATION_LEVEL = 0;
				GCC_PREPROCESSOR_DEFINITIONS = (
					"DEBUG=1",
					"$(inherited)",
				);
				GCC_WARN_64_TO_32_BIT_CONVERSION = YES;
				GCC_WARN_ABOUT_RETURN_TYPE = YES_ERROR;
				GCC_WARN_UNDECLARED_SELECTOR = YES;
				GCC_WARN_UNINITIALIZED_AUTOS = YES_AGGRESSIVE;
				GCC_WARN_UNUSED_FUNCTION = YES;
				GCC_WARN_UNUSED_VARIABLE = YES;
				IPHONEOS_DEPLOYMENT_TARGET = 17.0;
				LOCALIZATION_PREFERS_STRING_CATALOGS = YES;
				MACOSX_DEPLOYMENT_TARGET = 14.4;
				MTL_ENABLE_DEBUG_INFO = INCLUDE_SOURCE;
				MTL_FAST_MATH = YES;
				ONLY_ACTIVE_ARCH = YES;
				SDKROOT = macosx;
				SWIFT_ACTIVE_COMPILATION_CONDITIONS = "DEBUG $(inherited)";
				SWIFT_OPTIMIZATION_LEVEL = "-Onone";
			};
			name = Debug;
		};
		D7A612D32C2964370044A097 /* Release */ = {
			isa = XCBuildConfiguration;
			buildSettings = {
				ALWAYS_SEARCH_USER_PATHS = NO;
				ASSETCATALOG_COMPILER_GENERATE_SWIFT_ASSET_SYMBOL_EXTENSIONS = YES;
				CLANG_ANALYZER_NONNULL = YES;
				CLANG_ANALYZER_NUMBER_OBJECT_CONVERSION = YES_AGGRESSIVE;
				CLANG_CXX_LANGUAGE_STANDARD = "gnu++20";
				CLANG_ENABLE_MODULES = YES;
				CLANG_ENABLE_OBJC_ARC = YES;
				CLANG_ENABLE_OBJC_WEAK = YES;
				CLANG_WARN_BLOCK_CAPTURE_AUTORELEASING = YES;
				CLANG_WARN_BOOL_CONVERSION = YES;
				CLANG_WARN_COMMA = YES;
				CLANG_WARN_CONSTANT_CONVERSION = YES;
				CLANG_WARN_DEPRECATED_OBJC_IMPLEMENTATIONS = YES;
				CLANG_WARN_DIRECT_OBJC_ISA_USAGE = YES_ERROR;
				CLANG_WARN_DOCUMENTATION_COMMENTS = YES;
				CLANG_WARN_EMPTY_BODY = YES;
				CLANG_WARN_ENUM_CONVERSION = YES;
				CLANG_WARN_INFINITE_RECURSION = YES;
				CLANG_WARN_INT_CONVERSION = YES;
				CLANG_WARN_NON_LITERAL_NULL_CONVERSION = YES;
				CLANG_WARN_OBJC_IMPLICIT_RETAIN_SELF = YES;
				CLANG_WARN_OBJC_LITERAL_CONVERSION = YES;
				CLANG_WARN_OBJC_ROOT_CLASS = YES_ERROR;
				CLANG_WARN_QUOTED_INCLUDE_IN_FRAMEWORK_HEADER = YES;
				CLANG_WARN_RANGE_LOOP_ANALYSIS = YES;
				CLANG_WARN_STRICT_PROTOTYPES = YES;
				CLANG_WARN_SUSPICIOUS_MOVE = YES;
				CLANG_WARN_UNGUARDED_AVAILABILITY = YES_AGGRESSIVE;
				CLANG_WARN_UNREACHABLE_CODE = YES;
				CLANG_WARN__DUPLICATE_METHOD_MATCH = YES;
				COPY_PHASE_STRIP = NO;
				DEBUG_INFORMATION_FORMAT = "dwarf-with-dsym";
				ENABLE_NS_ASSERTIONS = NO;
				ENABLE_STRICT_OBJC_MSGSEND = YES;
				ENABLE_USER_SCRIPT_SANDBOXING = YES;
				GCC_C_LANGUAGE_STANDARD = gnu17;
				GCC_NO_COMMON_BLOCKS = YES;
				GCC_WARN_64_TO_32_BIT_CONVERSION = YES;
				GCC_WARN_ABOUT_RETURN_TYPE = YES_ERROR;
				GCC_WARN_UNDECLARED_SELECTOR = YES;
				GCC_WARN_UNINITIALIZED_AUTOS = YES_AGGRESSIVE;
				GCC_WARN_UNUSED_FUNCTION = YES;
				GCC_WARN_UNUSED_VARIABLE = YES;
				IPHONEOS_DEPLOYMENT_TARGET = 17.0;
				LOCALIZATION_PREFERS_STRING_CATALOGS = YES;
				MACOSX_DEPLOYMENT_TARGET = 14.4;
				MTL_ENABLE_DEBUG_INFO = NO;
				MTL_FAST_MATH = YES;
				SDKROOT = macosx;
				SWIFT_COMPILATION_MODE = wholemodule;
			};
			name = Release;
		};
		D7A612E82C2964560044A097 /* Debug */ = {
			isa = XCBuildConfiguration;
			buildSettings = {
				ASSETCATALOG_COMPILER_APPICON_NAME = AppIcon;
				ASSETCATALOG_COMPILER_GLOBAL_ACCENT_COLOR_NAME = AccentColor;
				CODE_SIGN_ENTITLEMENTS = CreateData/CreateData.entitlements;
				CODE_SIGN_STYLE = Automatic;
				COMBINE_HIDPI_IMAGES = YES;
				CURRENT_PROJECT_VERSION = 1;
				DEVELOPMENT_ASSET_PATHS = "\"CreateData/Preview Content\"";
				DEVELOPMENT_TEAM = X2AMT2CC25;
				ENABLE_HARDENED_RUNTIME = YES;
				ENABLE_PREVIEWS = YES;
				GENERATE_INFOPLIST_FILE = YES;
				INFOPLIST_KEY_CFBundleDisplayName = CreateData;
				INFOPLIST_KEY_NSHumanReadableCopyright = "";
				LD_RUNPATH_SEARCH_PATHS = (
					"$(inherited)",
					"@executable_path/../Frameworks",
				);
				MARKETING_VERSION = 1.0;
				PRODUCT_BUNDLE_IDENTIFIER = com.florian.CreateData;
				PRODUCT_NAME = "$(TARGET_NAME)";
				SWIFT_EMIT_LOC_STRINGS = YES;
				SWIFT_VERSION = 5.0;
			};
			name = Debug;
		};
		D7A612E92C2964560044A097 /* Release */ = {
			isa = XCBuildConfiguration;
			buildSettings = {
				ASSETCATALOG_COMPILER_APPICON_NAME = AppIcon;
				ASSETCATALOG_COMPILER_GLOBAL_ACCENT_COLOR_NAME = AccentColor;
				CODE_SIGN_ENTITLEMENTS = CreateData/CreateData.entitlements;
				CODE_SIGN_STYLE = Automatic;
				COMBINE_HIDPI_IMAGES = YES;
				CURRENT_PROJECT_VERSION = 1;
				DEVELOPMENT_ASSET_PATHS = "\"CreateData/Preview Content\"";
				DEVELOPMENT_TEAM = X2AMT2CC25;
				ENABLE_HARDENED_RUNTIME = YES;
				ENABLE_PREVIEWS = YES;
				GENERATE_INFOPLIST_FILE = YES;
				INFOPLIST_KEY_CFBundleDisplayName = CreateData;
				INFOPLIST_KEY_NSHumanReadableCopyright = "";
				LD_RUNPATH_SEARCH_PATHS = (
					"$(inherited)",
					"@executable_path/../Frameworks",
				);
				MARKETING_VERSION = 1.0;
				PRODUCT_BUNDLE_IDENTIFIER = com.florian.CreateData;
				PRODUCT_NAME = "$(TARGET_NAME)";
				SWIFT_EMIT_LOC_STRINGS = YES;
				SWIFT_VERSION = 5.0;
			};
			name = Release;
		};
		D7A612FA2C29649E0044A097 /* Debug */ = {
			isa = XCBuildConfiguration;
			buildSettings = {
				ASSETCATALOG_COMPILER_APPICON_NAME = AppIcon;
				ASSETCATALOG_COMPILER_GLOBAL_ACCENT_COLOR_NAME = AccentColor;
				CODE_SIGN_STYLE = Automatic;
				CURRENT_PROJECT_VERSION = 1;
				DEVELOPMENT_ASSET_PATHS = "\"LoadData/Preview Content\"";
				DEVELOPMENT_TEAM = X2AMT2CC25;
				ENABLE_PREVIEWS = YES;
				GENERATE_INFOPLIST_FILE = YES;
				INFOPLIST_KEY_CFBundleDisplayName = LoadData;
				INFOPLIST_KEY_UIApplicationSceneManifest_Generation = YES;
				INFOPLIST_KEY_UIApplicationSupportsIndirectInputEvents = YES;
				INFOPLIST_KEY_UILaunchScreen_Generation = YES;
				INFOPLIST_KEY_UISupportedInterfaceOrientations_iPad = "UIInterfaceOrientationPortrait UIInterfaceOrientationPortraitUpsideDown UIInterfaceOrientationLandscapeLeft UIInterfaceOrientationLandscapeRight";
				INFOPLIST_KEY_UISupportedInterfaceOrientations_iPhone = "UIInterfaceOrientationPortrait UIInterfaceOrientationLandscapeLeft UIInterfaceOrientationLandscapeRight";
				IPHONEOS_DEPLOYMENT_TARGET = 17.0;
				LD_RUNPATH_SEARCH_PATHS = (
					"$(inherited)",
					"@executable_path/Frameworks",
				);
				MARKETING_VERSION = 1.0;
				PRODUCT_BUNDLE_IDENTIFIER = com.florian.LoadData;
				PRODUCT_NAME = "$(TARGET_NAME)";
				SDKROOT = iphoneos;
				SUPPORTED_PLATFORMS = "iphoneos iphonesimulator";
				SUPPORTS_MACCATALYST = NO;
				SUPPORTS_MAC_DESIGNED_FOR_IPHONE_IPAD = NO;
				SUPPORTS_XR_DESIGNED_FOR_IPHONE_IPAD = NO;
				SWIFT_EMIT_LOC_STRINGS = YES;
				SWIFT_VERSION = 5.0;
				TARGETED_DEVICE_FAMILY = 1;
			};
			name = Debug;
		};
		D7A612FB2C29649E0044A097 /* Release */ = {
			isa = XCBuildConfiguration;
			buildSettings = {
				ASSETCATALOG_COMPILER_APPICON_NAME = AppIcon;
				ASSETCATALOG_COMPILER_GLOBAL_ACCENT_COLOR_NAME = AccentColor;
				CODE_SIGN_STYLE = Automatic;
				CURRENT_PROJECT_VERSION = 1;
				DEVELOPMENT_ASSET_PATHS = "\"LoadData/Preview Content\"";
				DEVELOPMENT_TEAM = X2AMT2CC25;
				ENABLE_PREVIEWS = YES;
				GENERATE_INFOPLIST_FILE = YES;
				INFOPLIST_KEY_CFBundleDisplayName = LoadData;
				INFOPLIST_KEY_UIApplicationSceneManifest_Generation = YES;
				INFOPLIST_KEY_UIApplicationSupportsIndirectInputEvents = YES;
				INFOPLIST_KEY_UILaunchScreen_Generation = YES;
				INFOPLIST_KEY_UISupportedInterfaceOrientations_iPad = "UIInterfaceOrientationPortrait UIInterfaceOrientationPortraitUpsideDown UIInterfaceOrientationLandscapeLeft UIInterfaceOrientationLandscapeRight";
				INFOPLIST_KEY_UISupportedInterfaceOrientations_iPhone = "UIInterfaceOrientationPortrait UIInterfaceOrientationLandscapeLeft UIInterfaceOrientationLandscapeRight";
				IPHONEOS_DEPLOYMENT_TARGET = 17.0;
				LD_RUNPATH_SEARCH_PATHS = (
					"$(inherited)",
					"@executable_path/Frameworks",
				);
				MARKETING_VERSION = 1.0;
				PRODUCT_BUNDLE_IDENTIFIER = com.florian.LoadData;
				PRODUCT_NAME = "$(TARGET_NAME)";
				SDKROOT = iphoneos;
				SUPPORTED_PLATFORMS = "iphoneos iphonesimulator";
				SUPPORTS_MACCATALYST = NO;
				SUPPORTS_MAC_DESIGNED_FOR_IPHONE_IPAD = NO;
				SUPPORTS_XR_DESIGNED_FOR_IPHONE_IPAD = NO;
				SWIFT_EMIT_LOC_STRINGS = YES;
				SWIFT_VERSION = 5.0;
				TARGETED_DEVICE_FAMILY = 1;
				VALIDATE_PRODUCT = YES;
			};
			name = Release;
		};
/* End XCBuildConfiguration section */

/* Begin XCConfigurationList section */
		D7A612C02C2964350044A097 /* Build configuration list for PBXProject "ERSwiftDataLoader" */ = {
			isa = XCConfigurationList;
			buildConfigurations = (
				D7A612D22C2964370044A097 /* Debug */,
				D7A612D32C2964370044A097 /* Release */,
			);
			defaultConfigurationIsVisible = 0;
			defaultConfigurationName = Release;
		};
		D7A612E72C2964560044A097 /* Build configuration list for PBXNativeTarget "CreateData" */ = {
			isa = XCConfigurationList;
			buildConfigurations = (
				D7A612E82C2964560044A097 /* Debug */,
				D7A612E92C2964560044A097 /* Release */,
			);
			defaultConfigurationIsVisible = 0;
			defaultConfigurationName = Release;
		};
		D7A612F92C29649E0044A097 /* Build configuration list for PBXNativeTarget "LoadData" */ = {
			isa = XCConfigurationList;
			buildConfigurations = (
				D7A612FA2C29649E0044A097 /* Debug */,
				D7A612FB2C29649E0044A097 /* Release */,
			);
			defaultConfigurationIsVisible = 0;
			defaultConfigurationName = Release;
		};
/* End XCConfigurationList section */
	};
	rootObject = D7A612BD2C2964350044A097 /* Project object */;
}
